
Microsoft Visual Studio Solution File, Format Version 12.00
# Visual Studio Version 16
VisualStudioVersion = 16.0.31613.86
MinimumVisualStudioVersion = 10.0.40219.1
Project("{FAE04EC0-301F-11D3-BF4B-00C04F79EFBC}") = "refresh-tokens-api", "refresh-tokens-api.csproj", "{4ACFC288-0B67-4CAE-9085-F31BE4700446}"
EndProject
Global
	GlobalSection(SolutionConfigurationPlatforms) = preSolution
		Debug|Any CPU = Debug|Any CPU
		Release|Any CPU = Release|Any CPU
	EndGlobalSection
	GlobalSection(ProjectConfigurationPlatforms) = postSolution
		{4ACFC288-0B67-4CAE-9085-F31BE4700446}.Debug|Any CPU.ActiveCfg = Debug|Any CPU
		{4ACFC288-0B67-4CAE-9085-F31BE4700446}.Debug|Any CPU.Build.0 = Debug|Any CPU
		{4ACFC288-0B67-4CAE-9085-F31BE4700446}.Release|Any CPU.ActiveCfg = Release|Any CPU
		{4ACFC288-0B67-4CAE-9085-F31BE4700446}.Release|Any CPU.Build.0 = Release|Any CPU
	EndGlobalSection
	GlobalSection(SolutionProperties) = preSolution
		HideSolutionNode = FALSE
	EndGlobalSection
	GlobalSection(ExtensibilityGlobals) = postSolution
		SolutionGuid = {380D312A-A4A4-448F-953C-F10C9DB28B16}
	EndGlobalSection
EndGlobal
